
Microsoft Visual Studio Solution File, Format Version 12.00
# Visual Studio Version 17
VisualStudioVersion = 17.13.35931.197 d17.13
MinimumVisualStudioVersion = 10.0.40219.1
Project("{FAE04EC0-301F-11D3-BF4B-00C04F79EFBC}") = "Sort_Algorithms", "Sort_Algorithms.csproj", "{B0919FF2-B4F3-4FB7-99D4-2F0D7C764BBB}"
EndProject
Global
	GlobalSection(SolutionConfigurationPlatforms) = preSolution
		Debug|Any CPU = Debug|Any CPU
		Release|Any CPU = Release|Any CPU
	EndGlobalSection
	GlobalSection(ProjectConfigurationPlatforms) = postSolution
		{B0919FF2-B4F3-4FB7-99D4-2F0D7C764BBB}.Debug|Any CPU.ActiveCfg = Debug|Any CPU
		{B0919FF2-B4F3-4FB7-99D4-2F0D7C764BBB}.Debug|Any CPU.Build.0 = Debug|Any CPU
		{B0919FF2-B4F3-4FB7-99D4-2F0D7C764BBB}.Release|Any CPU.ActiveCfg = Release|Any CPU
		{B0919FF2-B4F3-4FB7-99D4-2F0D7C764BBB}.Release|Any CPU.Build.0 = Release|Any CPU
	EndGlobalSection
	GlobalSection(SolutionProperties) = preSolution
		HideSolutionNode = FALSE
	EndGlobalSection
	GlobalSection(ExtensibilityGlobals) = postSolution
		SolutionGuid = {103D644D-8F4D-4FBC-B13B-74B830B54026}
	EndGlobalSection
EndGlobal
